# This file is autogenerated, do not edit; changes may be undone by the next 'dep ensure'.


[[projects]]
  name = "github.com/corpix/uarand"
  packages = ["."]
  revision = "031be390f409fb4bac8fb299e3bcd101479f89f8"

[[projects]]
  branch = "master"
  name = "github.com/icrowley/fake"
  packages = ["."]
  revision = "4178557ae428460c3780a381c824a1f3aceb6325"

[solve-meta]
  analyzer-name = "dep"
  analyzer-version = 1
  inputs-digest = "d049777ea8addc6ca0ae484aa35573f2d15627addd0a73820193b07608bff3cc"
  solver-name = "gps-cdcl"
  solver-version = 1
